
Microsoft Visual Studio Solution File, Format Version 12.00
# Visual Studio Version 17
VisualStudioVersion = 17.7.34024.191
MinimumVisualStudioVersion = 10.0.40219.1
Project("{FAE04EC0-301F-11D3-BF4B-00C04F79EFBC}") = "MauiMVVMDemoApp", "MauiMVVMDemoApp\MauiMVVMDemoApp.csproj", "{6AC06434-120F-49C2-8012-BAD5A53EA385}"
EndProject
Global
	GlobalSection(SolutionConfigurationPlatforms) = preSolution
		Debug|Any CPU = Debug|Any CPU
		Release|Any CPU = Release|Any CPU
	EndGlobalSection
	GlobalSection(ProjectConfigurationPlatforms) = postSolution
		{6AC06434-120F-49C2-8012-BAD5A53EA385}.Debug|Any CPU.ActiveCfg = Debug|Any CPU
		{6AC06434-120F-49C2-8012-BAD5A53EA385}.Debug|Any CPU.Build.0 = Debug|Any CPU
		{6AC06434-120F-49C2-8012-BAD5A53EA385}.Debug|Any CPU.Deploy.0 = Debug|Any CPU
		{6AC06434-120F-49C2-8012-BAD5A53EA385}.Release|Any CPU.ActiveCfg = Release|Any CPU
		{6AC06434-120F-49C2-8012-BAD5A53EA385}.Release|Any CPU.Build.0 = Release|Any CPU
		{6AC06434-120F-49C2-8012-BAD5A53EA385}.Release|Any CPU.Deploy.0 = Release|Any CPU
	EndGlobalSection
	GlobalSection(SolutionProperties) = preSolution
		HideSolutionNode = FALSE
	EndGlobalSection
	GlobalSection(ExtensibilityGlobals) = postSolution
		SolutionGuid = {3C4EC9FF-84FB-4284-963F-4559129FB432}
	EndGlobalSection
EndGlobal
